// !$*UTF8*$!
{
	archiveVersion = 1;
	classes = {
	};
	objectVersion = 46;
	objects = {

/* Begin PBXBuildFile section */
		2EFC2CA41D19C71200B01598 /* AppDelegate.swift in Sources */ = {isa = PBXBuildFile; fileRef = 2EFC2CA31D19C71200B01598 /* AppDelegate.swift */; };
		2EFC2CA61D19C71200B01598 /* ViewController.swift in Sources */ = {isa = PBXBuildFile; fileRef = 2EFC2CA51D19C71200B01598 /* ViewController.swift */; };
		2EFC2CA91D19C71200B01598 /* Main.storyboard in Resources */ = {isa = PBXBuildFile; fileRef = 2EFC2CA71D19C71200B01598 /* Main.storyboard */; };
		2EFC2CAB1D19C71200B01598 /* Assets.xcassets in Resources */ = {isa = PBXBuildFile; fileRef = 2EFC2CAA1D19C71200B01598 /* Assets.xcassets */; };
		2EFC2CAE1D19C71200B01598 /* LaunchScreen.storyboard in Resources */ = {isa = PBXBuildFile; fileRef = 2EFC2CAC1D19C71200B01598 /* LaunchScreen.storyboard */; };
		2EFC2CB81D1A32C900B01598 /* Genpass_iOS in Resources */ = {isa = PBXBuildFile; fileRef = 2EFC2CB71D1A32C900B01598 /* Genpass_iOS */; };
		2EFC2CBA1D1A339500B01598 /* HMAC.swift in Sources */ = {isa = PBXBuildFile; fileRef = 2EFC2CB91D1A339500B01598 /* HMAC.swift */; };
/* End PBXBuildFile section */

/* Begin PBXFileReference section */
		2EFC2CA01D19C71200B01598 /* Genpass_iOS.app */ = {isa = PBXFileReference; explicitFileType = wrapper.application; includeInIndex = 0; path = Genpass_iOS.app; sourceTree = BUILT_PRODUCTS_DIR; };
		2EFC2CA31D19C71200B01598 /* AppDelegate.swift */ = {isa = PBXFileReference; lastKnownFileType = sourcecode.swift; path = AppDelegate.swift; sourceTree = "<group>"; };
		2EFC2CA51D19C71200B01598 /* ViewController.swift */ = {isa = PBXFileReference; lastKnownFileType = sourcecode.swift; path = ViewController.swift; sourceTree = "<group>"; };
		2EFC2CA81D19C71200B01598 /* Base */ = {isa = PBXFileReference; lastKnownFileType = file.storyboard; name = Base; path = Base.lproj/Main.storyboard; sourceTree = "<group>"; };
		2EFC2CAA1D19C71200B01598 /* Assets.xcassets */ = {isa = PBXFileReference; lastKnownFileType = folder.assetcatalog; path = Assets.xcassets; sourceTree = "<group>"; };
		2EFC2CAD1D19C71200B01598 /* Base */ = {isa = PBXFileReference; lastKnownFileType = file.storyboard; name = Base; path = Base.lproj/LaunchScreen.storyboard; sourceTree = "<group>"; };
		2EFC2CAF1D19C71200B01598 /* Info.plist */ = {isa = PBXFileReference; lastKnownFileType = text.plist.xml; path = Info.plist; sourceTree = "<group>"; };
		2EFC2CB71D1A32C900B01598 /* Genpass_iOS */ = {isa = PBXFileReference; lastKnownFileType = folder; path = Genpass_iOS; sourceTree = "<group>"; };
		2EFC2CB91D1A339500B01598 /* HMAC.swift */ = {isa = PBXFileReference; fileEncoding = 4; lastKnownFileType = sourcecode.swift; path = HMAC.swift; sourceTree = "<group>"; };
/* End PBXFileReference section */

/* Begin PBXFrameworksBuildPhase section */
		2EFC2C9D1D19C71200B01598 /* Frameworks */ = {
			isa = PBXFrameworksBuildPhase;
			buildActionMask = 2147483647;
			files = (
			);
			runOnlyForDeploymentPostprocessing = 0;
		};
/* End PBXFrameworksBuildPhase section */

/* Begin PBXGroup section */
		2EFC2C971D19C71200B01598 = {
			isa = PBXGroup;
			children = (
				2EFC2CB71D1A32C900B01598 /* Genpass_iOS */,
				2EFC2CA21D19C71200B01598 /* Genpass_iOS */,
				2EFC2CA11D19C71200B01598 /* Products */,
			);
			sourceTree = "<group>";
		};
		2EFC2CA11D19C71200B01598 /* Products */ = {
			isa = PBXGroup;
			children = (
				2EFC2CA01D19C71200B01598 /* Genpass_iOS.app */,
			);
			name = Products;
			sourceTree = "<group>";
		};
		2EFC2CA21D19C71200B01598 /* Genpass_iOS */ = {
			isa = PBXGroup;
			children = (
				2EFC2CA31D19C71200B01598 /* AppDelegate.swift */,
				2EFC2CA51D19C71200B01598 /* ViewController.swift */,
				2EFC2CB91D1A339500B01598 /* HMAC.swift */,
				2EFC2CA71D19C71200B01598 /* Main.storyboard */,
				2EFC2CAA1D19C71200B01598 /* Assets.xcassets */,
				2EFC2CAC1D19C71200B01598 /* LaunchScreen.storyboard */,
				2EFC2CAF1D19C71200B01598 /* Info.plist */,
			);
			path = Genpass_iOS;
			sourceTree = "<group>";
		};
/* End PBXGroup section */

/* Begin PBXNativeTarget section */
		2EFC2C9F1D19C71200B01598 /* Genpass_iOS */ = {
			isa = PBXNativeTarget;
			buildConfigurationList = 2EFC2CB21D19C71200B01598 /* Build configuration list for PBXNativeTarget "Genpass_iOS" */;
			buildPhases = (
				2EFC2C9C1D19C71200B01598 /* Sources */,
				2EFC2C9D1D19C71200B01598 /* Frameworks */,
				2EFC2C9E1D19C71200B01598 /* Resources */,
			);
			buildRules = (
			);
			dependencies = (
			);
			name = Genpass_iOS;
			productName = Genpass_iOS;
			productReference = 2EFC2CA01D19C71200B01598 /* Genpass_iOS.app */;
			productType = "com.apple.product-type.application";
		};
/* End PBXNativeTarget section */

/* Begin PBXProject section */
		2EFC2C981D19C71200B01598 /* Project object */ = {
			isa = PBXProject;
			attributes = {
				LastSwiftUpdateCheck = 0730;
				LastUpgradeCheck = 0730;
				ORGANIZATIONNAME = feix.chow;
				TargetAttributes = {
					2EFC2C9F1D19C71200B01598 = {
						CreatedOnToolsVersion = 7.3.1;
						DevelopmentTeam = L9D88EVQ9G;
					};
				};
			};
			buildConfigurationList = 2EFC2C9B1D19C71200B01598 /* Build configuration list for PBXProject "Genpass_iOS" */;
			compatibilityVersion = "Xcode 3.2";
			developmentRegion = English;
			hasScannedForEncodings = 0;
			knownRegions = (
				en,
				Base,
			);
			mainGroup = 2EFC2C971D19C71200B01598;
			productRefGroup = 2EFC2CA11D19C71200B01598 /* Products */;
			projectDirPath = "";
			projectRoot = "";
			targets = (
				2EFC2C9F1D19C71200B01598 /* Genpass_iOS */,
			);
		};
/* End PBXProject section */

/* Begin PBXResourcesBuildPhase section */
		2EFC2C9E1D19C71200B01598 /* Resources */ = {
			isa = PBXResourcesBuildPhase;
			buildActionMask = 2147483647;
			files = (
				2EFC2CAE1D19C71200B01598 /* LaunchScreen.storyboard in Resources */,
				2EFC2CAB1D19C71200B01598 /* Assets.xcassets in Resources */,
				2EFC2CB81D1A32C900B01598 /* Genpass_iOS in Resources */,
				2EFC2CA91D19C71200B01598 /* Main.storyboard in Resources */,
			);
			runOnlyForDeploymentPostprocessing = 0;
		};
/* End PBXResourcesBuildPhase section */

/* Begin PBXSourcesBuildPhase section */
		2EFC2C9C1D19C71200B01598 /* Sources */ = {
			isa = PBXSourcesBuildPhase;
			buildActionMask = 2147483647;
			files = (
				2EFC2CA61D19C71200B01598 /* ViewController.swift in Sources */,
				2EFC2CA41D19C71200B01598 /* AppDelegate.swift in Sources */,
				2EFC2CBA1D1A339500B01598 /* HMAC.swift in Sources */,
			);
			runOnlyForDeploymentPostprocessing = 0;
		};
/* End PBXSourcesBuildPhase section */

/* Begin PBXVariantGroup section */
		2EFC2CA71D19C71200B01598 /* Main.storyboard */ = {
			isa = PBXVariantGroup;
			children = (
				2EFC2CA81D19C71200B01598 /* Base */,
			);
			name = Main.storyboard;
			sourceTree = "<group>";
		};
		2EFC2CAC1D19C71200B01598 /* LaunchScreen.storyboard */ = {
			isa = PBXVariantGroup;
			children = (
				2EFC2CAD1D19C71200B01598 /* Base */,
			);
			name = LaunchScreen.storyboard;
			sourceTree = "<group>";
		};
/* End PBXVariantGroup section */

/* Begin XCBuildConfiguration section */
		2EFC2CB01D19C71200B01598 /* Debug */ = {
			isa = XCBuildConfiguration;
			buildSettings = {
				ALWAYS_SEARCH_USER_PATHS = NO;
				CLANG_ANALYZER_NONNULL = YES;
				CLANG_CXX_LANGUAGE_STANDARD = "gnu++0x";
				CLANG_CXX_LIBRARY = "libc++";
				CLANG_ENABLE_MODULES = YES;
				CLANG_ENABLE_OBJC_ARC = YES;
				CLANG_WARN_BOOL_CONVERSION = YES;
				CLANG_WARN_CONSTANT_CONVERSION = YES;
				CLANG_WARN_DIRECT_OBJC_ISA_USAGE = YES_ERROR;
				CLANG_WARN_EMPTY_BODY = YES;
				CLANG_WARN_ENUM_CONVERSION = YES;
				CLANG_WARN_INT_CONVERSION = YES;
				CLANG_WARN_OBJC_ROOT_CLASS = YES_ERROR;
				CLANG_WARN_UNREACHABLE_CODE = YES;
				CLANG_WARN__DUPLICATE_METHOD_MATCH = YES;
				"CODE_SIGN_IDENTITY[sdk=iphoneos*]" = "iPhone Developer";
				COPY_PHASE_STRIP = NO;
				DEBUG_INFORMATION_FORMAT = dwarf;
				ENABLE_STRICT_OBJC_MSGSEND = YES;
				ENABLE_TESTABILITY = YES;
				GCC_C_LANGUAGE_STANDARD = gnu99;
				GCC_DYNAMIC_NO_PIC = NO;
				GCC_NO_COMMON_BLOCKS = YES;
				GCC_OPTIMIZATION_LEVEL = 0;
				GCC_PREPROCESSOR_DEFINITIONS = (
					"DEBUG=1",
					"$(inherited)",
				);
				GCC_WARN_64_TO_32_BIT_CONVERSION = YES;
				GCC_WARN_ABOUT_RETURN_TYPE = YES_ERROR;
				GCC_WARN_UNDECLARED_SELECTOR = YES;
				GCC_WARN_UNINITIALIZED_AUTOS = YES_AGGRESSIVE;
				GCC_WARN_UNUSED_FUNCTION = YES;
				GCC_WARN_UNUSED_VARIABLE = YES;
				IPHONEOS_DEPLOYMENT_TARGET = 9.3;
				MTL_ENABLE_DEBUG_INFO = YES;
				ONLY_ACTIVE_ARCH = YES;
				SDKROOT = iphoneos;
				SWIFT_OPTIMIZATION_LEVEL = "-Onone";
			};
			name = Debug;
		};
		2EFC2CB11D19C71200B01598 /* Release */ = {
			isa = XCBuildConfiguration;
			buildSettings = {
				ALWAYS_SEARCH_USER_PATHS = NO;
				CLANG_ANALYZER_NONNULL = YES;
				CLANG_CXX_LANGUAGE_STANDARD = "gnu++0x";
				CLANG_CXX_LIBRARY = "libc++";
				CLANG_ENABLE_MODULES = YES;
				CLANG_ENABLE_OBJC_ARC = YES;
				CLANG_WARN_BOOL_CONVERSION = YES;
				CLANG_WARN_CONSTANT_CONVERSION = YES;
				CLANG_WARN_DIRECT_OBJC_ISA_USAGE = YES_ERROR;
				CLANG_WARN_EMPTY_BODY = YES;
				CLANG_WARN_ENUM_CONVERSION = YES;
				CLANG_WARN_INT_CONVERSION = YES;
				CLANG_WARN_OBJC_ROOT_CLASS = YES_ERROR;
				CLANG_WARN_UNREACHABLE_CODE = YES;
				CLANG_WARN__DUPLICATE_METHOD_MATCH = YES;
				"CODE_SIGN_IDENTITY[sdk=iphoneos*]" = "iPhone Developer";
				COPY_PHASE_STRIP = NO;
				DEBUG_INFORMATION_FORMAT = "dwarf-with-dsym";
				ENABLE_NS_ASSERTIONS = NO;
				ENABLE_STRICT_OBJC_MSGSEND = YES;
				GCC_C_LANGUAGE_STANDARD = gnu99;
				GCC_NO_COMMON_BLOCKS = YES;
				GCC_WARN_64_TO_32_BIT_CONVERSION = YES;
				GCC_WARN_ABOUT_RETURN_TYPE = YES_ERROR;
				GCC_WARN_UNDECLARED_SELECTOR = YES;
				GCC_WARN_UNINITIALIZED_AUTOS = YES_AGGRESSIVE;
				GCC_WARN_UNUSED_FUNCTION = YES;
				GCC_WARN_UNUSED_VARIABLE = YES;
				IPHONEOS_DEPLOYMENT_TARGET = 9.3;
				MTL_ENABLE_DEBUG_INFO = NO;
				SDKROOT = iphoneos;
				VALIDATE_PRODUCT = YES;
			};
			name = Release;
		};
		2EFC2CB31D19C71200B01598 /* Debug */ = {
			isa = XCBuildConfiguration;
			buildSettings = {
				ASSETCATALOG_COMPILER_APPICON_NAME = AppIcon;
				CODE_SIGN_IDENTITY = "iPhone Developer";
				INFOPLIST_FILE = Genpass_iOS/Info.plist;
				IPHONEOS_DEPLOYMENT_TARGET = 9.3;
				LD_RUNPATH_SEARCH_PATHS = "$(inherited) @executable_path/Frameworks";
				MTL_ENABLE_DEBUG_INFO = NO;
				PRODUCT_BUNDLE_IDENTIFIER = "feix.chow.Genpass-iOS";
				PRODUCT_NAME = "$(TARGET_NAME)";
				SWIFT_INCLUDE_PATHS = CommonCrypto;
				TARGETED_DEVICE_FAMILY = 1;
			};
			name = Debug;
		};
		2EFC2CB41D19C71200B01598 /* Release */ = {
			isa = XCBuildConfiguration;
			buildSettings = {
				ASSETCATALOG_COMPILER_APPICON_NAME = AppIcon;
				CODE_SIGN_IDENTITY = "iPhone Developer";
				INFOPLIST_FILE = Genpass_iOS/Info.plist;
				IPHONEOS_DEPLOYMENT_TARGET = 9.3;
				LD_RUNPATH_SEARCH_PATHS = "$(inherited) @executable_path/Frameworks";
				MTL_ENABLE_DEBUG_INFO = NO;
				PRODUCT_BUNDLE_IDENTIFIER = "feix.chow.Genpass-iOS";
				PRODUCT_NAME = "$(TARGET_NAME)";
				SWIFT_INCLUDE_PATHS = CommonCrypto;
				TARGETED_DEVICE_FAMILY = 1;
			};
			name = Release;
		};
/* End XCBuildConfiguration section */

/* Begin XCConfigurationList section */
		2EFC2C9B1D19C71200B01598 /* Build configuration list for PBXProject "Genpass_iOS" */ = {
			isa = XCConfigurationList;
			buildConfigurations = (
				2EFC2CB01D19C71200B01598 /* Debug */,
				2EFC2CB11D19C71200B01598 /* Release */,
			);
			defaultConfigurationIsVisible = 0;
			defaultConfigurationName = Release;
		};
		2EFC2CB21D19C71200B01598 /* Build configuration list for PBXNativeTarget "Genpass_iOS" */ = {
			isa = XCConfigurationList;
			buildConfigurations = (
				2EFC2CB31D19C71200B01598 /* Debug */,
				2EFC2CB41D19C71200B01598 /* Release */,
			);
			defaultConfigurationIsVisible = 0;
			defaultConfigurationName = Release;
		};
/* End XCConfigurationList section */
	};
	rootObject = 2EFC2C981D19C71200B01598 /* Project object */;
}
